
Microsoft Visual Studio Solution File, Format Version 12.00
# Visual Studio Version 17
VisualStudioVersion = 17.7.34031.279
MinimumVisualStudioVersion = 10.0.40219.1
Project("{FAE04EC0-301F-11D3-BF4B-00C04F79EFBC}") = "CookiAuthentication", "CookiAuthentication.csproj", "{3B677DD0-FC1A-4D9E-B5EA-2911193C0B5B}"
EndProject
Global
	GlobalSection(SolutionConfigurationPlatforms) = preSolution
		Debug|Any CPU = Debug|Any CPU
		Release|Any CPU = Release|Any CPU
	EndGlobalSection
	GlobalSection(ProjectConfigurationPlatforms) = postSolution
		{3B677DD0-FC1A-4D9E-B5EA-2911193C0B5B}.Debug|Any CPU.ActiveCfg = Debug|Any CPU
		{3B677DD0-FC1A-4D9E-B5EA-2911193C0B5B}.Debug|Any CPU.Build.0 = Debug|Any CPU
		{3B677DD0-FC1A-4D9E-B5EA-2911193C0B5B}.Release|Any CPU.ActiveCfg = Release|Any CPU
		{3B677DD0-FC1A-4D9E-B5EA-2911193C0B5B}.Release|Any CPU.Build.0 = Release|Any CPU
	EndGlobalSection
	GlobalSection(SolutionProperties) = preSolution
		HideSolutionNode = FALSE
	EndGlobalSection
	GlobalSection(ExtensibilityGlobals) = postSolution
		SolutionGuid = {61A591F4-5CE8-43BC-A9F0-BB0DF8F7745F}
	EndGlobalSection
EndGlobal
